# Baseline lock and pass/fail gates for A/B validation
baseline:
  name: directional_max_min_v1
  controller_config: hbot/data/bot1/conf/controllers/directional_max_min_v1_paper.yml
  script_config: hbot/data/bot1/conf/scripts/v2_directional_max_min_paper.yml
  strategy_filter: directional_max_min_v1

candidate:
  name: systematic_alpha_v2
  controller_config: hbot/data/bot1/conf/controllers/systematic_alpha_v2_paper.yml
  script_config: hbot/data/bot1/conf/scripts/v2_systematic_alpha_v2_paper.yml
  strategy_filter: systematic_alpha_v2

cost_model:
  taker_fee_bps: 6.0
  slippage_bps: 4.0
  funding_bps_per_day: 2.0
  expected_holding_hours: 12.0

gates:
  min_trades_per_strategy: 100
  min_net_pnl_improvement_pct: 5.0
  max_drawdown_increase_pct: 0.0
  min_sharpe_delta: 0.0
  min_profit_factor_delta: 0.0
